PODS:
  - DeckTransition (1.4.2)
  - FlexibleSteppedProgressBar (0.5.0)
  - FSPagerView (0.7.1)
  - Hero (1.0.0)
  - VegaScrollFlowLayout (1.1)

DEPENDENCIES:
  - DeckTransition
  - FlexibleSteppedProgressBar
  - FSPagerView
  - Hero (= 1.0.0)
  - VegaScrollFlowLayout

SPEC CHECKSUMS:
  DeckTransition: 56330226ddbefd2ddc9f57b8b56d37e0e93e6b91
  FlexibleSteppedProgressBar: a8894ca4913e34ea2c694be09a7d4d6b1f1bdc74
  FSPagerView: 958aba39684e1573755ddcfcc29f7eebb8413cee
  Hero: 18e7cf8af41c04c8532d1430ac174004a9365c87
  VegaScrollFlowLayout: 9158061f29179147755f937c2b21693fc5dbbac3

PODFILE CHECKSUM: 82eaf5cebee37cf54058152a99ce29a4a3c5e0e1

COCOAPODS: 1.3.1
